{
  "lockfile-version": 0,
  "manifest": {
    "hook": {},
    "install": {},
    "options": {
      "systems": [
        "x86_64-linux"
      ]
    },
    "registry": {
      "defaults": {
        "subtrees": null
      },
      "inputs": {
        "nixpkgs": {
          "from": {
            "owner": "NixOS",
            "ref": "release-23.11",
            "repo": "nixpkgs",
            "type": "github"
          },
          "subtrees": [
            "legacyPackages"
          ]
        }
      },
      "priority": [
        "nixpkgs"
      ]
    },
    "vars": {}
  },
  "packages": {
    "x86_64-linux": {}
  },
  "registry": {
    "defaults": {
      "subtrees": null
    },
    "inputs": {
      "nixpkgs": {
        "from": {
          "lastModified": 1710497833,
          "narHash": "sha256-EDOSm5uZjaUqZ7Ej69ykT4qM2au8gVaAcHDySsQ7mnQ=",
          "owner": "NixOS",
          "repo": "nixpkgs",
          "rev": "3e6b090c05a4a86e6b9de820f039871ff839d3e7",
          "type": "github"
        },
        "subtrees": [
          "legacyPackages"
        ]
      }
    },
    "priority": [
      "nixpkgs"
    ]
  }
}