{
  "version": "3",
  "packages": {
    "specifiers": {
      "jsr:@fluentci/sdk": "jsr:@fluentci/sdk@0.4.0",
      "jsr:@fluentci/sdk@0.4.1": "jsr:@fluentci/sdk@0.4.1",
      "jsr:@tsirysndr/env-js@0.1.2": "jsr:@tsirysndr/env-js@0.1.2",
      "npm:graphql-request@6.1.0": "npm:graphql-request@6.1.0_graphql@16.9.0",
      "npm:graphql@16.8.1": "npm:graphql@16.8.1",
      "npm:lodash@4.17.21": "npm:lodash@4.17.21",
      "npm:node-color-log@11.0.2": "npm:node-color-log@11.0.2"
    },
    "jsr": {
      "@fluentci/sdk@0.4.0": {
        "integrity": "b1acfe9f32c8d30e3bb8410c18339471817c97a7ca3c2dc02a384395425a66d7",
        "dependencies": [
          "jsr:@tsirysndr/env-js@0.1.2",
          "npm:graphql-request@6.1.0",
          "npm:lodash@4.17.21"
        ]
      },
      "@fluentci/sdk@0.4.1": {
        "integrity": "36c96535af8020c312d7d69ce053130b145306747a76e3db5e277a5475d9a33b",
        "dependencies": [
          "jsr:@tsirysndr/env-js@0.1.2",
          "npm:graphql-request@6.1.0",
          "npm:graphql@16.8.1",
          "npm:lodash@4.17.21",
          "npm:node-color-log@11.0.2"
        ]
      },
      "@tsirysndr/env-js@0.1.2": {
        "integrity": "16a8cf4e60c8b43f4d62dd762006de40d56e5b144a56c0954a11f99ee12c5d3a"
      }
    },
    "npm": {
      "@graphql-typed-document-node/core@3.2.0_graphql@16.9.0": {
        "integrity": "sha512-mB9oAsNCm9aM3/SOv4YtBMqZbYj10R7dkq8byBqxGY/ncFwhf2oQzMV+LCRlWoDSEBJ3COiR1yeDvMtsoOsuFQ==",
        "dependencies": {
          "graphql": "graphql@16.9.0"
        }
      },
      "cross-fetch@3.1.8": {
        "integrity": "sha512-cvA+JwZoU0Xq+h6WkMvAUqPEYy92Obet6UdKLfW60qn99ftItKjB5T+BkyWOFWe2pUyfQ+IJHmpOTznqk1M6Kg==",
        "dependencies": {
          "node-fetch": "node-fetch@2.7.0"
        }
      },
      "graphql-request@6.1.0_graphql@16.9.0": {
        "integrity": "sha512-p+XPfS4q7aIpKVcgmnZKhMNqhltk20hfXtkaIkTfjjmiKMJ5xrt5c743cL03y/K7y1rg3WrIC49xGiEQ4mxdNw==",
        "dependencies": {
          "@graphql-typed-document-node/core": "@graphql-typed-document-node/core@3.2.0_graphql@16.9.0",
          "cross-fetch": "cross-fetch@3.1.8",
          "graphql": "graphql@16.9.0"
        }
      },
      "graphql@16.8.1": {
        "integrity": "sha512-59LZHPdGZVh695Ud9lRzPBVTtlX9ZCV150Er2W43ro37wVof0ctenSaskPPjN7lVTIN8mSZt8PHUNKZuNQUuxw==",
        "dependencies": {}
      },
      "graphql@16.9.0": {
        "integrity": "sha512-GGTKBX4SD7Wdb8mqeDLni2oaRGYQWjWHGKPQ24ZMnUtKfcsVoiv4uX8+LJr1K6U5VW2Lu1BwJnj7uiori0YtRw==",
        "dependencies": {}
      },
      "lodash@4.17.21": {
        "integrity": "sha512-v2kDEe57lecTulaDIuNTPy3Ry4gLGJ6Z1O3vE1krgXZNrsQ+LFTGHVxVjcXPs17LhbZVGedAJv8XZ1tvj5FvSg==",
        "dependencies": {}
      },
      "node-color-log@11.0.2": {
        "integrity": "sha512-+gD5pQpVpEkEA3He9STku4VL1EO9SaOW3HElumCd3xWorulnfr2053NCSVwPCXrkwI5ihPYucQxSCSOuS1q+Eg==",
        "dependencies": {}
      },
      "node-fetch@2.7.0": {
        "integrity": "sha512-c4FRfUm/dbcWZ7U+1Wq0AwCyFL+3nt2bEw05wfxSz+DWpWsitgmSgYmy2dQdWyKC1694ELPqMs/YzUSNozLt8A==",
        "dependencies": {
          "whatwg-url": "whatwg-url@5.0.0"
        }
      },
      "tr46@0.0.3": {
        "integrity": "sha512-N3WMsuqV66lT30CrXNbEjx4GEwlow3v6rr4mCcv6prnfwhS01rkgyFdjPNBYd9br7LpXV1+Emh01fHnq2Gdgrw==",
        "dependencies": {}
      },
      "webidl-conversions@3.0.1": {
        "integrity": "sha512-2JAn3z8AR6rjK8Sm8orRC0h/bcl/DqL7tRPdGZ4I1CjdF+EaMLmYxBHyXuKL849eucPFhvBoxMsflfOb8kxaeQ==",
        "dependencies": {}
      },
      "whatwg-url@5.0.0": {
        "integrity": "sha512-saE57nupxk6v3HY35+jzBwYa0rKSy0XR8JSxZPwgLr7ys0IBzhGviA1/TUGJLmSVqs8pb9AnvICXEuOHLprYTw==",
        "dependencies": {
          "tr46": "tr46@0.0.3",
          "webidl-conversions": "webidl-conversions@3.0.1"
        }
      }
    }
  },
  "remote": {},
  "workspace": {
    "packageJson": {
      "dependencies": [
        "npm:@jsr/fluentci__sdk@0.4.1",
        "npm:@rescript/core@1.5.2",
        "npm:rescript-fluentci@^0.1.2",
        "npm:rescript@11.1.3"
      ]
    }
  }
}
